#MicroXplorer Configuration settings - do not modify
ADC1.Channel-0\#ChannelRegularConversion=ADC_CHANNEL_8
ADC1.ContinuousConvMode=ENABLE
ADC1.IPParameters=Rank-0\#ChannelRegularConversion,master,Channel-0\#ChannelRegularConversion,SamplingTime-0\#ChannelRegularConversion,NbrOfConversionFlag,ContinuousConvMode
ADC1.NbrOfConversionFlag=1
ADC1.Rank-0\#ChannelRegularConversion=1
ADC1.SamplingTime-0\#ChannelRegularConversion=ADC_SAMPLETIME_3CYCLES
ADC1.master=1
CAD.formats=
CAD.pinconfig=
CAD.provider=
File.Version=6
GPIO.groupedBy=
KeepUserPlacement=false
Mcu.CPN=STM32F411CEU6
Mcu.Family=STM32F4
Mcu.IP0=ADC1
Mcu.IP1=NVIC
Mcu.IP2=RCC
Mcu.IP3=SYS
Mcu.IP4=TIM1
Mcu.IPNb=5
Mcu.Name=STM32F411C(C-E)Ux
Mcu.Package=UFQFPN48
Mcu.Pin0=PC13-ANTI_TAMP
Mcu.Pin1=PB0
Mcu.Pin2=PA8
Mcu.Pin3=PA9
Mcu.Pin4=PA10
Mcu.Pin5=VP_SYS_VS_Systick
Mcu.Pin6=VP_TIM1_VS_ClockSourceINT
Mcu.PinsNb=7
Mcu.ThirdPartyNb=0
Mcu.UserConstants=
Mcu.UserName=STM32F411CEUx
MxCube.Version=6.8.0
MxDb.Version=DB.6.0.80
NVIC.ADC_IRQn=true\:0\:0\:false\:false\:true\:true\:true\:true
NVIC.BusFault_IRQn=true\:0\:0\:false\:false\:true\:false\:false\:false
NVIC.DebugMonitor_IRQn=true\:0\:0\:false\:false\:true\:false\:false\:false
NVIC.ForceEnableDMAVector=true
NVIC.HardFault_IRQn=true\:0\:0\:false\:false\:true\:false\:false\:false
NVIC.MemoryManagement_IRQn=true\:0\:0\:false\:false\:true\:false\:false\:false
NVIC.NonMaskableInt_IRQn=true\:0\:0\:false\:false\:true\:false\:false\:false
NVIC.PendSV_IRQn=true\:0\:0\:false\:false\:true\:false\:false\:false
NVIC.PriorityGroup=NVIC_PRIORITYGROUP_4
NVIC.SVCall_IRQn=true\:0\:0\:false\:false\:true\:false\:false\:false
NVIC.SysTick_IRQn=true\:15\:0\:false\:false\:true\:false\:true\:false
NVIC.UsageFault_IRQn=true\:0\:0\:false\:false\:true\:false\:false\:false
PA10.Locked=true
PA10.Signal=S_TIM1_CH3
PA8.Locked=true
PA8.Signal=S_TIM1_CH1
PA9.Locked=true
PA9.Signal=S_TIM1_CH2
PB0.Locked=true
PB0.Signal=ADCx_IN8
PC13-ANTI_TAMP.Locked=true
PC13-ANTI_TAMP.Signal=GPIO_Output
PinOutPanel.RotationAngle=0
ProjectManager.AskForMigrate=true
ProjectManager.BackupPrevious=false
ProjectManager.CompilerOptimize=6
ProjectManager.ComputerToolchain=false
ProjectManager.CoupleFile=true
ProjectManager.CustomerFirmwarePackage=
ProjectManager.DefaultFWLocation=true
ProjectManager.DeletePrevious=true
ProjectManager.DeviceId=STM32F411CEUx
ProjectManager.FirmwarePackage=STM32Cube FW_F4 V1.27.1
ProjectManager.FreePins=false
ProjectManager.HalAssertFull=false
ProjectManager.HeapSize=0x200
ProjectManager.KeepUserCode=true
ProjectManager.LastFirmware=true
ProjectManager.LibraryCopy=0
ProjectManager.MainLocation=Src
ProjectManager.NoMain=true
ProjectManager.PreviousToolchain=
ProjectManager.ProjectBuild=false
ProjectManager.ProjectFileName=jabu-blinky.ioc
ProjectManager.ProjectName=jabu-blinky
ProjectManager.ProjectStructure=
ProjectManager.RegisterCallBack=
ProjectManager.StackSize=0x400
ProjectManager.TargetToolchain=Makefile
ProjectManager.ToolChainLocation=
ProjectManager.UnderRoot=false
ProjectManager.functionlistsort=1-SystemClock_Config-RCC-false-HAL-false,2-MX_GPIO_Init-GPIO-false-HAL-true,3-MX_TIM1_Init-TIM1-false-HAL-true
RCC.AHBFreq_Value=16000000
RCC.APB1Freq_Value=16000000
RCC.APB2Freq_Value=16000000
RCC.CortexFreq_Value=16000000
RCC.FamilyName=M
RCC.HSE_VALUE=25000000
RCC.HSI_VALUE=16000000
RCC.I2SClocksFreq_Value=96000000
RCC.IPParameters=AHBFreq_Value,APB1Freq_Value,APB2Freq_Value,CortexFreq_Value,FamilyName,HSE_VALUE,HSI_VALUE,I2SClocksFreq_Value,LSE_VALUE,LSI_VALUE,PLLCLKFreq_Value,PLLQCLKFreq_Value,RTCFreq_Value,RTCHSEDivFreq_Value,SYSCLKFreq_VALUE,VCOI2SOutputFreq_Value,VCOInputFreq_Value,VCOInputMFreq_Value,VCOOutputFreq_Value,VcooutputI2S
RCC.LSE_VALUE=32768
RCC.LSI_VALUE=32000
RCC.PLLCLKFreq_Value=96000000
RCC.PLLQCLKFreq_Value=48000000
RCC.RTCFreq_Value=32000
RCC.RTCHSEDivFreq_Value=12500000
RCC.SYSCLKFreq_VALUE=16000000
RCC.VCOI2SOutputFreq_Value=192000000
RCC.VCOInputFreq_Value=1000000
RCC.VCOInputMFreq_Value=1000000
RCC.VCOOutputFreq_Value=192000000
RCC.VcooutputI2S=96000000
SH.ADCx_IN8.0=ADC1_IN8,IN8
SH.ADCx_IN8.ConfNb=1
SH.S_TIM1_CH1.0=TIM1_CH1,PWM Generation1 CH1
SH.S_TIM1_CH1.ConfNb=1
SH.S_TIM1_CH2.0=TIM1_CH2,PWM Generation2 CH2
SH.S_TIM1_CH2.ConfNb=1
SH.S_TIM1_CH3.0=TIM1_CH3,PWM Generation3 CH3
SH.S_TIM1_CH3.ConfNb=1
TIM1.Channel-PWM\ Generation1\ CH1=TIM_CHANNEL_1
TIM1.Channel-PWM\ Generation2\ CH2=TIM_CHANNEL_2
TIM1.Channel-PWM\ Generation3\ CH3=TIM_CHANNEL_3
TIM1.IPParameters=Channel-PWM Generation1 CH1,Prescaler,Period,Channel-PWM Generation2 CH2,Channel-PWM Generation3 CH3,OCFastMode_PWM-PWM Generation2 CH2,OCFastMode_PWM-PWM Generation1 CH1,OCFastMode_PWM-PWM Generation3 CH3
TIM1.OCFastMode_PWM-PWM\ Generation1\ CH1=TIM_OCFAST_ENABLE
TIM1.OCFastMode_PWM-PWM\ Generation2\ CH2=TIM_OCFAST_ENABLE
TIM1.OCFastMode_PWM-PWM\ Generation3\ CH3=TIM_OCFAST_ENABLE
TIM1.Period=1000
TIM1.Prescaler=15
VP_SYS_VS_Systick.Mode=SysTick
VP_SYS_VS_Systick.Signal=SYS_VS_Systick
VP_TIM1_VS_ClockSourceINT.Mode=Internal
VP_TIM1_VS_ClockSourceINT.Signal=TIM1_VS_ClockSourceINT
board=custom
